
Microsoft Visual Studio Solution File, Format Version 12.00
# Visual Studio 15
VisualStudioVersion = 15.0.28010.2016
MinimumVisualStudioVersion = 10.0.40219.1
Project("{FAE04EC0-301F-11D3-BF4B-00C04F79EFBC}") = "WpfApp3", "WpfApp3\WpfApp3.csproj", "{05C4DFF9-FD1A-43CA-91E8-17E173993E91}"
EndProject
Global
	GlobalSection(SolutionConfigurationPlatforms) = preSolution
		Debug|Any CPU = Debug|Any CPU
		Release|Any CPU = Release|Any CPU
	EndGlobalSection
	GlobalSection(ProjectConfigurationPlatforms) = postSolution
		{05C4DFF9-FD1A-43CA-91E8-17E173993E91}.Debug|Any CPU.ActiveCfg = Debug|Any CPU
		{05C4DFF9-FD1A-43CA-91E8-17E173993E91}.Debug|Any CPU.Build.0 = Debug|Any CPU
		{05C4DFF9-FD1A-43CA-91E8-17E173993E91}.Release|Any CPU.ActiveCfg = Release|Any CPU
		{05C4DFF9-FD1A-43CA-91E8-17E173993E91}.Release|Any CPU.Build.0 = Release|Any CPU
	EndGlobalSection
	GlobalSection(SolutionProperties) = preSolution
		HideSolutionNode = FALSE
	EndGlobalSection
	GlobalSection(ExtensibilityGlobals) = postSolution
		SolutionGuid = {85E02CB7-6D1E-4003-84E4-CE88B375CFCF}
	EndGlobalSection
EndGlobal
